// !$*UTF8*$!
{
	archiveVersion = 1;
	classes = {
	};
	objectVersion = 55;
	objects = {

/* Begin PBXBuildFile section */
		0940D9C32AAA76DD00ABD584 /* DetailView.swift in Sources */ = {isa = PBXBuildFile; fileRef = 0940D9C22AAA76DD00ABD584 /* DetailView.swift */; };
		0940D9C52AAA7CCE00ABD584 /* CreditsView.swift in Sources */ = {isa = PBXBuildFile; fileRef = 0940D9C42AAA7CCE00ABD584 /* CreditsView.swift */; };
		0940D9C82AAA7D5200ABD584 /* HeaderView.swift in Sources */ = {isa = PBXBuildFile; fileRef = 0940D9C72AAA7D5200ABD584 /* HeaderView.swift */; };
		0940D9CA2AAA85D400ABD584 /* SettingsView.swift in Sources */ = {isa = PBXBuildFile; fileRef = 0940D9C92AAA85D400ABD584 /* SettingsView.swift */; };
		09D1BB4D2AA66B39002B1210 /* Notes WatchKit App.app in Embed Watch Content */ = {isa = PBXBuildFile; fileRef = 09D1BB4C2AA66B39002B1210 /* Notes WatchKit App.app */; settings = {ATTRIBUTES = (RemoveHeadersOnCopy, ); }; };
		09D1BB522AA66B3D002B1210 /* Assets.xcassets in Resources */ = {isa = PBXBuildFile; fileRef = 09D1BB512AA66B3D002B1210 /* Assets.xcassets */; };
		09D1BB582AA66B3E002B1210 /* Notes WatchKit Extension.appex in Embed App Extensions */ = {isa = PBXBuildFile; fileRef = 09D1BB572AA66B3E002B1210 /* Notes WatchKit Extension.appex */; settings = {ATTRIBUTES = (RemoveHeadersOnCopy, ); }; };
		09D1BB5D2AA66B3E002B1210 /* ContentView.swift in Sources */ = {isa = PBXBuildFile; fileRef = 09D1BB5C2AA66B3E002B1210 /* ContentView.swift */; };
		09D1BB5F2AA66B3E002B1210 /* NotesApp.swift in Sources */ = {isa = PBXBuildFile; fileRef = 09D1BB5E2AA66B3E002B1210 /* NotesApp.swift */; };
		09D1BB612AA66B3E002B1210 /* ComplicationController.swift in Sources */ = {isa = PBXBuildFile; fileRef = 09D1BB602AA66B3E002B1210 /* ComplicationController.swift */; };
		09D1BB632AA66B40002B1210 /* Assets.xcassets in Resources */ = {isa = PBXBuildFile; fileRef = 09D1BB622AA66B40002B1210 /* Assets.xcassets */; };
		09D1BB662AA66B40002B1210 /* Preview Assets.xcassets in Resources */ = {isa = PBXBuildFile; fileRef = 09D1BB652AA66B40002B1210 /* Preview Assets.xcassets */; };
		09D1BB782AA66DEC002B1210 /* Note.swift in Sources */ = {isa = PBXBuildFile; fileRef = 09D1BB772AA66DEC002B1210 /* Note.swift */; };
/* End PBXBuildFile section */

/* Begin PBXContainerItemProxy section */
		09D1BB4E2AA66B39002B1210 /* PBXContainerItemProxy */ = {
			isa = PBXContainerItemProxy;
			containerPortal = 09D1BB422AA66B38002B1210 /* Project object */;
			proxyType = 1;
			remoteGlobalIDString = 09D1BB4B2AA66B39002B1210;
			remoteInfo = "Notes WatchKit App";
		};
		09D1BB592AA66B3E002B1210 /* PBXContainerItemProxy */ = {
			isa = PBXContainerItemProxy;
			containerPortal = 09D1BB422AA66B38002B1210 /* Project object */;
			proxyType = 1;
			remoteGlobalIDString = 09D1BB562AA66B3E002B1210;
			remoteInfo = "Notes WatchKit Extension";
		};
/* End PBXContainerItemProxy section */

/* Begin PBXCopyFilesBuildPhase section */
		09D1BB6D2AA66B40002B1210 /* Embed App Extensions */ = {
			isa = PBXCopyFilesBuildPhase;
			buildActionMask = 2147483647;
			dstPath = "";
			dstSubfolderSpec = 13;
			files = (
				09D1BB582AA66B3E002B1210 /* Notes WatchKit Extension.appex in Embed App Extensions */,
			);
			name = "Embed App Extensions";
			runOnlyForDeploymentPostprocessing = 0;
		};
		09D1BB712AA66B40002B1210 /* Embed Watch Content */ = {
			isa = PBXCopyFilesBuildPhase;
			buildActionMask = 2147483647;
			dstPath = "$(CONTENTS_FOLDER_PATH)/Watch";
			dstSubfolderSpec = 16;
			files = (
				09D1BB4D2AA66B39002B1210 /* Notes WatchKit App.app in Embed Watch Content */,
			);
			name = "Embed Watch Content";
			runOnlyForDeploymentPostprocessing = 0;
		};
/* End PBXCopyFilesBuildPhase section */

/* Begin PBXFileReference section */
		0940D9C22AAA76DD00ABD584 /* DetailView.swift */ = {isa = PBXFileReference; lastKnownFileType = sourcecode.swift; path = DetailView.swift; sourceTree = "<group>"; };
		0940D9C42AAA7CCE00ABD584 /* CreditsView.swift */ = {isa = PBXFileReference; lastKnownFileType = sourcecode.swift; path = CreditsView.swift; sourceTree = "<group>"; };
		0940D9C72AAA7D5200ABD584 /* HeaderView.swift */ = {isa = PBXFileReference; lastKnownFileType = sourcecode.swift; path = HeaderView.swift; sourceTree = "<group>"; };
		0940D9C92AAA85D400ABD584 /* SettingsView.swift */ = {isa = PBXFileReference; lastKnownFileType = sourcecode.swift; path = SettingsView.swift; sourceTree = "<group>"; };
		09D1BB482AA66B38002B1210 /* Notes.app */ = {isa = PBXFileReference; explicitFileType = wrapper.application; includeInIndex = 0; path = Notes.app; sourceTree = BUILT_PRODUCTS_DIR; };
		09D1BB4C2AA66B39002B1210 /* Notes WatchKit App.app */ = {isa = PBXFileReference; explicitFileType = wrapper.application; includeInIndex = 0; path = "Notes WatchKit App.app"; sourceTree = BUILT_PRODUCTS_DIR; };
		09D1BB512AA66B3D002B1210 /* Assets.xcassets */ = {isa = PBXFileReference; lastKnownFileType = folder.assetcatalog; path = Assets.xcassets; sourceTree = "<group>"; };
		09D1BB572AA66B3E002B1210 /* Notes WatchKit Extension.appex */ = {isa = PBXFileReference; explicitFileType = "wrapper.app-extension"; includeInIndex = 0; path = "Notes WatchKit Extension.appex"; sourceTree = BUILT_PRODUCTS_DIR; };
		09D1BB5C2AA66B3E002B1210 /* ContentView.swift */ = {isa = PBXFileReference; lastKnownFileType = sourcecode.swift; path = ContentView.swift; sourceTree = "<group>"; };
		09D1BB5E2AA66B3E002B1210 /* NotesApp.swift */ = {isa = PBXFileReference; lastKnownFileType = sourcecode.swift; path = NotesApp.swift; sourceTree = "<group>"; };
		09D1BB602AA66B3E002B1210 /* ComplicationController.swift */ = {isa = PBXFileReference; lastKnownFileType = sourcecode.swift; path = ComplicationController.swift; sourceTree = "<group>"; };
		09D1BB622AA66B40002B1210 /* Assets.xcassets */ = {isa = PBXFileReference; lastKnownFileType = folder.assetcatalog; path = Assets.xcassets; sourceTree = "<group>"; };
		09D1BB652AA66B40002B1210 /* Preview Assets.xcassets */ = {isa = PBXFileReference; lastKnownFileType = folder.assetcatalog; path = "Preview Assets.xcassets"; sourceTree = "<group>"; };
		09D1BB672AA66B40002B1210 /* Info.plist */ = {isa = PBXFileReference; lastKnownFileType = text.plist.xml; path = Info.plist; sourceTree = "<group>"; };
		09D1BB772AA66DEC002B1210 /* Note.swift */ = {isa = PBXFileReference; lastKnownFileType = sourcecode.swift; path = Note.swift; sourceTree = "<group>"; };
/* End PBXFileReference section */

/* Begin PBXFrameworksBuildPhase section */
		09D1BB542AA66B3E002B1210 /* Frameworks */ = {
			isa = PBXFrameworksBuildPhase;
			buildActionMask = 2147483647;
			files = (
			);
			runOnlyForDeploymentPostprocessing = 0;
		};
/* End PBXFrameworksBuildPhase section */

/* Begin PBXGroup section */
		0940D9C62AAA7D2B00ABD584 /* Component */ = {
			isa = PBXGroup;
			children = (
				0940D9C72AAA7D5200ABD584 /* HeaderView.swift */,
			);
			path = Component;
			sourceTree = "<group>";
		};
		09D1BB412AA66B38002B1210 = {
			isa = PBXGroup;
			children = (
				09D1BB502AA66B39002B1210 /* Notes WatchKit App */,
				09D1BB5B2AA66B3E002B1210 /* Notes WatchKit Extension */,
				09D1BB492AA66B38002B1210 /* Products */,
			);
			sourceTree = "<group>";
		};
		09D1BB492AA66B38002B1210 /* Products */ = {
			isa = PBXGroup;
			children = (
				09D1BB482AA66B38002B1210 /* Notes.app */,
				09D1BB4C2AA66B39002B1210 /* Notes WatchKit App.app */,
				09D1BB572AA66B3E002B1210 /* Notes WatchKit Extension.appex */,
			);
			name = Products;
			sourceTree = "<group>";
		};
		09D1BB502AA66B39002B1210 /* Notes WatchKit App */ = {
			isa = PBXGroup;
			children = (
				09D1BB512AA66B3D002B1210 /* Assets.xcassets */,
			);
			path = "Notes WatchKit App";
			sourceTree = "<group>";
		};
		09D1BB5B2AA66B3E002B1210 /* Notes WatchKit Extension */ = {
			isa = PBXGroup;
			children = (
				0940D9C62AAA7D2B00ABD584 /* Component */,
				09D1BB762AA66DD4002B1210 /* Model */,
				09D1BB752AA66DBF002B1210 /* View */,
				09D1BB5E2AA66B3E002B1210 /* NotesApp.swift */,
				09D1BB602AA66B3E002B1210 /* ComplicationController.swift */,
				09D1BB622AA66B40002B1210 /* Assets.xcassets */,
				09D1BB672AA66B40002B1210 /* Info.plist */,
				09D1BB642AA66B40002B1210 /* Preview Content */,
			);
			path = "Notes WatchKit Extension";
			sourceTree = "<group>";
		};
		09D1BB642AA66B40002B1210 /* Preview Content */ = {
			isa = PBXGroup;
			children = (
				09D1BB652AA66B40002B1210 /* Preview Assets.xcassets */,
			);
			path = "Preview Content";
			sourceTree = "<group>";
		};
		09D1BB752AA66DBF002B1210 /* View */ = {
			isa = PBXGroup;
			children = (
				09D1BB5C2AA66B3E002B1210 /* ContentView.swift */,
				0940D9C22AAA76DD00ABD584 /* DetailView.swift */,
				0940D9C42AAA7CCE00ABD584 /* CreditsView.swift */,
				0940D9C92AAA85D400ABD584 /* SettingsView.swift */,
			);
			path = View;
			sourceTree = "<group>";
		};
		09D1BB762AA66DD4002B1210 /* Model */ = {
			isa = PBXGroup;
			children = (
				09D1BB772AA66DEC002B1210 /* Note.swift */,
			);
			path = Model;
			sourceTree = "<group>";
		};
/* End PBXGroup section */

/* Begin PBXNativeTarget section */
		09D1BB472AA66B38002B1210 /* Notes */ = {
			isa = PBXNativeTarget;
			buildConfigurationList = 09D1BB722AA66B40002B1210 /* Build configuration list for PBXNativeTarget "Notes" */;
			buildPhases = (
				09D1BB462AA66B38002B1210 /* Resources */,
				09D1BB712AA66B40002B1210 /* Embed Watch Content */,
			);
			buildRules = (
			);
			dependencies = (
				09D1BB4F2AA66B39002B1210 /* PBXTargetDependency */,
			);
			name = Notes;
			productName = Notes;
			productReference = 09D1BB482AA66B38002B1210 /* Notes.app */;
			productType = "com.apple.product-type.application.watchapp2-container";
		};
		09D1BB4B2AA66B39002B1210 /* Notes WatchKit App */ = {
			isa = PBXNativeTarget;
			buildConfigurationList = 09D1BB6E2AA66B40002B1210 /* Build configuration list for PBXNativeTarget "Notes WatchKit App" */;
			buildPhases = (
				09D1BB4A2AA66B39002B1210 /* Resources */,
				09D1BB6D2AA66B40002B1210 /* Embed App Extensions */,
			);
			buildRules = (
			);
			dependencies = (
				09D1BB5A2AA66B3E002B1210 /* PBXTargetDependency */,
			);
			name = "Notes WatchKit App";
			productName = "Notes WatchKit App";
			productReference = 09D1BB4C2AA66B39002B1210 /* Notes WatchKit App.app */;
			productType = "com.apple.product-type.application.watchapp2";
		};
		09D1BB562AA66B3E002B1210 /* Notes WatchKit Extension */ = {
			isa = PBXNativeTarget;
			buildConfigurationList = 09D1BB6A2AA66B40002B1210 /* Build configuration list for PBXNativeTarget "Notes WatchKit Extension" */;
			buildPhases = (
				09D1BB532AA66B3E002B1210 /* Sources */,
				09D1BB542AA66B3E002B1210 /* Frameworks */,
				09D1BB552AA66B3E002B1210 /* Resources */,
			);
			buildRules = (
			);
			dependencies = (
			);
			name = "Notes WatchKit Extension";
			productName = "Notes WatchKit Extension";
			productReference = 09D1BB572AA66B3E002B1210 /* Notes WatchKit Extension.appex */;
			productType = "com.apple.product-type.watchkit2-extension";
		};
/* End PBXNativeTarget section */

/* Begin PBXProject section */
		09D1BB422AA66B38002B1210 /* Project object */ = {
			isa = PBXProject;
			attributes = {
				BuildIndependentTargetsInParallel = 1;
				LastSwiftUpdateCheck = 1340;
				LastUpgradeCheck = 1340;
				TargetAttributes = {
					09D1BB472AA66B38002B1210 = {
						CreatedOnToolsVersion = 13.4.1;
					};
					09D1BB4B2AA66B39002B1210 = {
						CreatedOnToolsVersion = 13.4.1;
					};
					09D1BB562AA66B3E002B1210 = {
						CreatedOnToolsVersion = 13.4.1;
					};
				};
			};
			buildConfigurationList = 09D1BB452AA66B38002B1210 /* Build configuration list for PBXProject "Notes" */;
			compatibilityVersion = "Xcode 13.0";
			developmentRegion = en;
			hasScannedForEncodings = 0;
			knownRegions = (
				en,
				Base,
			);
			mainGroup = 09D1BB412AA66B38002B1210;
			productRefGroup = 09D1BB492AA66B38002B1210 /* Products */;
			projectDirPath = "";
			projectRoot = "";
			targets = (
				09D1BB472AA66B38002B1210 /* Notes */,
				09D1BB4B2AA66B39002B1210 /* Notes WatchKit App */,
				09D1BB562AA66B3E002B1210 /* Notes WatchKit Extension */,
			);
		};
/* End PBXProject section */

/* Begin PBXResourcesBuildPhase section */
		09D1BB462AA66B38002B1210 /* Resources */ = {
			isa = PBXResourcesBuildPhase;
			buildActionMask = 2147483647;
			files = (
			);
			runOnlyForDeploymentPostprocessing = 0;
		};
		09D1BB4A2AA66B39002B1210 /* Resources */ = {
			isa = PBXResourcesBuildPhase;
			buildActionMask = 2147483647;
			files = (
				09D1BB522AA66B3D002B1210 /* Assets.xcassets in Resources */,
			);
			runOnlyForDeploymentPostprocessing = 0;
		};
		09D1BB552AA66B3E002B1210 /* Resources */ = {
			isa = PBXResourcesBuildPhase;
			buildActionMask = 2147483647;
			files = (
				09D1BB662AA66B40002B1210 /* Preview Assets.xcassets in Resources */,
				09D1BB632AA66B40002B1210 /* Assets.xcassets in Resources */,
			);
			runOnlyForDeploymentPostprocessing = 0;
		};
/* End PBXResourcesBuildPhase section */

/* Begin PBXSourcesBuildPhase section */
		09D1BB532AA66B3E002B1210 /* Sources */ = {
			isa = PBXSourcesBuildPhase;
			buildActionMask = 2147483647;
			files = (
				09D1BB5D2AA66B3E002B1210 /* ContentView.swift in Sources */,
				09D1BB5F2AA66B3E002B1210 /* NotesApp.swift in Sources */,
				0940D9CA2AAA85D400ABD584 /* SettingsView.swift in Sources */,
				09D1BB612AA66B3E002B1210 /* ComplicationController.swift in Sources */,
				0940D9C52AAA7CCE00ABD584 /* CreditsView.swift in Sources */,
				0940D9C32AAA76DD00ABD584 /* DetailView.swift in Sources */,
				09D1BB782AA66DEC002B1210 /* Note.swift in Sources */,
				0940D9C82AAA7D5200ABD584 /* HeaderView.swift in Sources */,
			);
			runOnlyForDeploymentPostprocessing = 0;
		};
/* End PBXSourcesBuildPhase section */

/* Begin PBXTargetDependency section */
		09D1BB4F2AA66B39002B1210 /* PBXTargetDependency */ = {
			isa = PBXTargetDependency;
			target = 09D1BB4B2AA66B39002B1210 /* Notes WatchKit App */;
			targetProxy = 09D1BB4E2AA66B39002B1210 /* PBXContainerItemProxy */;
		};
		09D1BB5A2AA66B3E002B1210 /* PBXTargetDependency */ = {
			isa = PBXTargetDependency;
			target = 09D1BB562AA66B3E002B1210 /* Notes WatchKit Extension */;
			targetProxy = 09D1BB592AA66B3E002B1210 /* PBXContainerItemProxy */;
		};
/* End PBXTargetDependency section */

/* Begin XCBuildConfiguration section */
		09D1BB682AA66B40002B1210 /* Debug */ = {
			isa = XCBuildConfiguration;
			buildSettings = {
				ALWAYS_SEARCH_USER_PATHS = NO;
				CLANG_ANALYZER_NONNULL = YES;
				CLANG_ANALYZER_NUMBER_OBJECT_CONVERSION = YES_AGGRESSIVE;
				CLANG_CXX_LANGUAGE_STANDARD = "gnu++17";
				CLANG_ENABLE_MODULES = YES;
				CLANG_ENABLE_OBJC_ARC = YES;
				CLANG_ENABLE_OBJC_WEAK = YES;
				CLANG_WARN_BLOCK_CAPTURE_AUTORELEASING = YES;
				CLANG_WARN_BOOL_CONVERSION = YES;
				CLANG_WARN_COMMA = YES;
				CLANG_WARN_CONSTANT_CONVERSION = YES;
				CLANG_WARN_DEPRECATED_OBJC_IMPLEMENTATIONS = YES;
				CLANG_WARN_DIRECT_OBJC_ISA_USAGE = YES_ERROR;
				CLANG_WARN_DOCUMENTATION_COMMENTS = YES;
				CLANG_WARN_EMPTY_BODY = YES;
				CLANG_WARN_ENUM_CONVERSION = YES;
				CLANG_WARN_INFINITE_RECURSION = YES;
				CLANG_WARN_INT_CONVERSION = YES;
				CLANG_WARN_NON_LITERAL_NULL_CONVERSION = YES;
				CLANG_WARN_OBJC_IMPLICIT_RETAIN_SELF = YES;
				CLANG_WARN_OBJC_LITERAL_CONVERSION = YES;
				CLANG_WARN_OBJC_ROOT_CLASS = YES_ERROR;
				CLANG_WARN_QUOTED_INCLUDE_IN_FRAMEWORK_HEADER = YES;
				CLANG_WARN_RANGE_LOOP_ANALYSIS = YES;
				CLANG_WARN_STRICT_PROTOTYPES = YES;
				CLANG_WARN_SUSPICIOUS_MOVE = YES;
				CLANG_WARN_UNGUARDED_AVAILABILITY = YES_AGGRESSIVE;
				CLANG_WARN_UNREACHABLE_CODE = YES;
				CLANG_WARN__DUPLICATE_METHOD_MATCH = YES;
				COPY_PHASE_STRIP = NO;
				DEBUG_INFORMATION_FORMAT = dwarf;
				ENABLE_STRICT_OBJC_MSGSEND = YES;
				ENABLE_TESTABILITY = YES;
				GCC_C_LANGUAGE_STANDARD = gnu11;
				GCC_DYNAMIC_NO_PIC = NO;
				GCC_NO_COMMON_BLOCKS = YES;
				GCC_OPTIMIZATION_LEVEL = 0;
				GCC_PREPROCESSOR_DEFINITIONS = (
					"DEBUG=1",
					"$(inherited)",
				);
				GCC_WARN_64_TO_32_BIT_CONVERSION = YES;
				GCC_WARN_ABOUT_RETURN_TYPE = YES_ERROR;
				GCC_WARN_UNDECLARED_SELECTOR = YES;
				GCC_WARN_UNINITIALIZED_AUTOS = YES_AGGRESSIVE;
				GCC_WARN_UNUSED_FUNCTION = YES;
				GCC_WARN_UNUSED_VARIABLE = YES;
				MTL_ENABLE_DEBUG_INFO = INCLUDE_SOURCE;
				MTL_FAST_MATH = YES;
				ONLY_ACTIVE_ARCH = YES;
				SDKROOT = iphoneos;
				SWIFT_ACTIVE_COMPILATION_CONDITIONS = DEBUG;
				SWIFT_OPTIMIZATION_LEVEL = "-Onone";
			};
			name = Debug;
		};
		09D1BB692AA66B40002B1210 /* Release */ = {
			isa = XCBuildConfiguration;
			buildSettings = {
				ALWAYS_SEARCH_USER_PATHS = NO;
				CLANG_ANALYZER_NONNULL = YES;
				CLANG_ANALYZER_NUMBER_OBJECT_CONVERSION = YES_AGGRESSIVE;
				CLANG_CXX_LANGUAGE_STANDARD = "gnu++17";
				CLANG_ENABLE_MODULES = YES;
				CLANG_ENABLE_OBJC_ARC = YES;
				CLANG_ENABLE_OBJC_WEAK = YES;
				CLANG_WARN_BLOCK_CAPTURE_AUTORELEASING = YES;
				CLANG_WARN_BOOL_CONVERSION = YES;
				CLANG_WARN_COMMA = YES;
				CLANG_WARN_CONSTANT_CONVERSION = YES;
				CLANG_WARN_DEPRECATED_OBJC_IMPLEMENTATIONS = YES;
				CLANG_WARN_DIRECT_OBJC_ISA_USAGE = YES_ERROR;
				CLANG_WARN_DOCUMENTATION_COMMENTS = YES;
				CLANG_WARN_EMPTY_BODY = YES;
				CLANG_WARN_ENUM_CONVERSION = YES;
				CLANG_WARN_INFINITE_RECURSION = YES;
				CLANG_WARN_INT_CONVERSION = YES;
				CLANG_WARN_NON_LITERAL_NULL_CONVERSION = YES;
				CLANG_WARN_OBJC_IMPLICIT_RETAIN_SELF = YES;
				CLANG_WARN_OBJC_LITERAL_CONVERSION = YES;
				CLANG_WARN_OBJC_ROOT_CLASS = YES_ERROR;
				CLANG_WARN_QUOTED_INCLUDE_IN_FRAMEWORK_HEADER = YES;
				CLANG_WARN_RANGE_LOOP_ANALYSIS = YES;
				CLANG_WARN_STRICT_PROTOTYPES = YES;
				CLANG_WARN_SUSPICIOUS_MOVE = YES;
				CLANG_WARN_UNGUARDED_AVAILABILITY = YES_AGGRESSIVE;
				CLANG_WARN_UNREACHABLE_CODE = YES;
				CLANG_WARN__DUPLICATE_METHOD_MATCH = YES;
				COPY_PHASE_STRIP = NO;
				DEBUG_INFORMATION_FORMAT = "dwarf-with-dsym";
				ENABLE_NS_ASSERTIONS = NO;
				ENABLE_STRICT_OBJC_MSGSEND = YES;
				GCC_C_LANGUAGE_STANDARD = gnu11;
				GCC_NO_COMMON_BLOCKS = YES;
				GCC_WARN_64_TO_32_BIT_CONVERSION = YES;
				GCC_WARN_ABOUT_RETURN_TYPE = YES_ERROR;
				GCC_WARN_UNDECLARED_SELECTOR = YES;
				GCC_WARN_UNINITIALIZED_AUTOS = YES_AGGRESSIVE;
				GCC_WARN_UNUSED_FUNCTION = YES;
				GCC_WARN_UNUSED_VARIABLE = YES;
				MTL_ENABLE_DEBUG_INFO = NO;
				MTL_FAST_MATH = YES;
				SDKROOT = iphoneos;
				SWIFT_COMPILATION_MODE = wholemodule;
				SWIFT_OPTIMIZATION_LEVEL = "-O";
				VALIDATE_PRODUCT = YES;
			};
			name = Release;
		};
		09D1BB6B2AA66B40002B1210 /* Debug */ = {
			isa = XCBuildConfiguration;
			buildSettings = {
				ASSETCATALOG_COMPILER_COMPLICATION_NAME = Complication;
				CODE_SIGN_STYLE = Automatic;
				CURRENT_PROJECT_VERSION = 1;
				DEVELOPMENT_ASSET_PATHS = "\"Notes WatchKit Extension/Preview Content\"";
				DEVELOPMENT_TEAM = 5WR73Q6863;
				ENABLE_PREVIEWS = YES;
				GENERATE_INFOPLIST_FILE = YES;
				INFOPLIST_FILE = "Notes WatchKit Extension/Info.plist";
				INFOPLIST_KEY_CFBundleDisplayName = "Notes WatchKit Extension";
				INFOPLIST_KEY_CLKComplicationPrincipalClass = "$(PRODUCT_MODULE_NAME).ComplicationController";
				INFOPLIST_KEY_NSHumanReadableCopyright = "";
				INFOPLIST_KEY_WKWatchOnly = YES;
				LD_RUNPATH_SEARCH_PATHS = (
					"$(inherited)",
					"@executable_path/Frameworks",
					"@executable_path/../../Frameworks",
				);
				MARKETING_VERSION = 1.0;
				PRODUCT_BUNDLE_IDENTIFIER = com.adriancysvillegas.Notes.watchkitapp.watchkitextension;
				PRODUCT_NAME = "${TARGET_NAME}";
				SDKROOT = watchos;
				SKIP_INSTALL = YES;
				SWIFT_EMIT_LOC_STRINGS = YES;
				SWIFT_VERSION = 5.0;
				TARGETED_DEVICE_FAMILY = 4;
				WATCHOS_DEPLOYMENT_TARGET = 8.5;
			};
			name = Debug;
		};
		09D1BB6C2AA66B40002B1210 /* Release */ = {
			isa = XCBuildConfiguration;
			buildSettings = {
				ASSETCATALOG_COMPILER_COMPLICATION_NAME = Complication;
				CODE_SIGN_STYLE = Automatic;
				CURRENT_PROJECT_VERSION = 1;
				DEVELOPMENT_ASSET_PATHS = "\"Notes WatchKit Extension/Preview Content\"";
				DEVELOPMENT_TEAM = 5WR73Q6863;
				ENABLE_PREVIEWS = YES;
				GENERATE_INFOPLIST_FILE = YES;
				INFOPLIST_FILE = "Notes WatchKit Extension/Info.plist";
				INFOPLIST_KEY_CFBundleDisplayName = "Notes WatchKit Extension";
				INFOPLIST_KEY_CLKComplicationPrincipalClass = "$(PRODUCT_MODULE_NAME).ComplicationController";
				INFOPLIST_KEY_NSHumanReadableCopyright = "";
				INFOPLIST_KEY_WKWatchOnly = YES;
				LD_RUNPATH_SEARCH_PATHS = (
					"$(inherited)",
					"@executable_path/Frameworks",
					"@executable_path/../../Frameworks",
				);
				MARKETING_VERSION = 1.0;
				PRODUCT_BUNDLE_IDENTIFIER = com.adriancysvillegas.Notes.watchkitapp.watchkitextension;
				PRODUCT_NAME = "${TARGET_NAME}";
				SDKROOT = watchos;
				SKIP_INSTALL = YES;
				SWIFT_EMIT_LOC_STRINGS = YES;
				SWIFT_VERSION = 5.0;
				TARGETED_DEVICE_FAMILY = 4;
				WATCHOS_DEPLOYMENT_TARGET = 8.5;
			};
			name = Release;
		};
		09D1BB6F2AA66B40002B1210 /* Debug */ = {
			isa = XCBuildConfiguration;
			buildSettings = {
				ALWAYS_EMBED_SWIFT_STANDARD_LIBRARIES = YES;
				ASSETCATALOG_COMPILER_APPICON_NAME = AppIcon;
				ASSETCATALOG_COMPILER_GLOBAL_ACCENT_COLOR_NAME = AccentColor;
				CODE_SIGN_STYLE = Automatic;
				CURRENT_PROJECT_VERSION = 1;
				DEVELOPMENT_TEAM = 5WR73Q6863;
				GENERATE_INFOPLIST_FILE = YES;
				IBSC_MODULE = Notes_WatchKit_Extension;
				INFOPLIST_KEY_CFBundleDisplayName = "Notes WatchKit App";
				INFOPLIST_KEY_UISupportedInterfaceOrientations = "UIInterfaceOrientationPortrait UIInterfaceOrientationPortraitUpsideDown";
				MARKETING_VERSION = 1.0;
				PRODUCT_BUNDLE_IDENTIFIER = com.adriancysvillegas.Notes.watchkitapp;
				PRODUCT_NAME = "$(TARGET_NAME)";
				SDKROOT = watchos;
				SKIP_INSTALL = YES;
				SWIFT_EMIT_LOC_STRINGS = YES;
				SWIFT_VERSION = 5.0;
				TARGETED_DEVICE_FAMILY = 4;
				WATCHOS_DEPLOYMENT_TARGET = 8.5;
			};
			name = Debug;
		};
		09D1BB702AA66B40002B1210 /* Release */ = {
			isa = XCBuildConfiguration;
			buildSettings = {
				ALWAYS_EMBED_SWIFT_STANDARD_LIBRARIES = YES;
				ASSETCATALOG_COMPILER_APPICON_NAME = AppIcon;
				ASSETCATALOG_COMPILER_GLOBAL_ACCENT_COLOR_NAME = AccentColor;
				CODE_SIGN_STYLE = Automatic;
				CURRENT_PROJECT_VERSION = 1;
				DEVELOPMENT_TEAM = 5WR73Q6863;
				GENERATE_INFOPLIST_FILE = YES;
				IBSC_MODULE = Notes_WatchKit_Extension;
				INFOPLIST_KEY_CFBundleDisplayName = "Notes WatchKit App";
				INFOPLIST_KEY_UISupportedInterfaceOrientations = "UIInterfaceOrientationPortrait UIInterfaceOrientationPortraitUpsideDown";
				MARKETING_VERSION = 1.0;
				PRODUCT_BUNDLE_IDENTIFIER = com.adriancysvillegas.Notes.watchkitapp;
				PRODUCT_NAME = "$(TARGET_NAME)";
				SDKROOT = watchos;
				SKIP_INSTALL = YES;
				SWIFT_EMIT_LOC_STRINGS = YES;
				SWIFT_VERSION = 5.0;
				TARGETED_DEVICE_FAMILY = 4;
				WATCHOS_DEPLOYMENT_TARGET = 8.5;
			};
			name = Release;
		};
		09D1BB732AA66B40002B1210 /* Debug */ = {
			isa = XCBuildConfiguration;
			buildSettings = {
				CODE_SIGN_STYLE = Automatic;
				CURRENT_PROJECT_VERSION = 1;
				DEVELOPMENT_TEAM = 5WR73Q6863;
				MARKETING_VERSION = 1.0;
				PRODUCT_BUNDLE_IDENTIFIER = com.adriancysvillegas.Notes;
				PRODUCT_NAME = "$(TARGET_NAME)";
				SWIFT_VERSION = 5.0;
			};
			name = Debug;
		};
		09D1BB742AA66B40002B1210 /* Release */ = {
			isa = XCBuildConfiguration;
			buildSettings = {
				CODE_SIGN_STYLE = Automatic;
				CURRENT_PROJECT_VERSION = 1;
				DEVELOPMENT_TEAM = 5WR73Q6863;
				MARKETING_VERSION = 1.0;
				PRODUCT_BUNDLE_IDENTIFIER = com.adriancysvillegas.Notes;
				PRODUCT_NAME = "$(TARGET_NAME)";
				SWIFT_VERSION = 5.0;
			};
			name = Release;
		};
/* End XCBuildConfiguration section */

/* Begin XCConfigurationList section */
		09D1BB452AA66B38002B1210 /* Build configuration list for PBXProject "Notes" */ = {
			isa = XCConfigurationList;
			buildConfigurations = (
				09D1BB682AA66B40002B1210 /* Debug */,
				09D1BB692AA66B40002B1210 /* Release */,
			);
			defaultConfigurationIsVisible = 0;
			defaultConfigurationName = Release;
		};
		09D1BB6A2AA66B40002B1210 /* Build configuration list for PBXNativeTarget "Notes WatchKit Extension" */ = {
			isa = XCConfigurationList;
			buildConfigurations = (
				09D1BB6B2AA66B40002B1210 /* Debug */,
				09D1BB6C2AA66B40002B1210 /* Release */,
			);
			defaultConfigurationIsVisible = 0;
			defaultConfigurationName = Release;
		};
		09D1BB6E2AA66B40002B1210 /* Build configuration list for PBXNativeTarget "Notes WatchKit App" */ = {
			isa = XCConfigurationList;
			buildConfigurations = (
				09D1BB6F2AA66B40002B1210 /* Debug */,
				09D1BB702AA66B40002B1210 /* Release */,
			);
			defaultConfigurationIsVisible = 0;
			defaultConfigurationName = Release;
		};
		09D1BB722AA66B40002B1210 /* Build configuration list for PBXNativeTarget "Notes" */ = {
			isa = XCConfigurationList;
			buildConfigurations = (
				09D1BB732AA66B40002B1210 /* Debug */,
				09D1BB742AA66B40002B1210 /* Release */,
			);
			defaultConfigurationIsVisible = 0;
			defaultConfigurationName = Release;
		};
/* End XCConfigurationList section */
	};
	rootObject = 09D1BB422AA66B38002B1210 /* Project object */;
}
